// !$*UTF8*$!
{
	archiveVersion = 1;
	classes = {
	};
	objectVersion = 50;
	objects = {

/* Begin PBXBuildFile section */
		CE21282924050CEC008C0703 /* AppDelegate.swift in Sources */ = {isa = PBXBuildFile; fileRef = CE21282824050CEC008C0703 /* AppDelegate.swift */; };
		CE21282B24050CEC008C0703 /* SceneDelegate.swift in Sources */ = {isa = PBXBuildFile; fileRef = CE21282A24050CEC008C0703 /* SceneDelegate.swift */; };
		CE21282D24050CEC008C0703 /* ContentView.swift in Sources */ = {isa = PBXBuildFile; fileRef = CE21282C24050CEC008C0703 /* ContentView.swift */; };
		CE21282F24050CED008C0703 /* Assets.xcassets in Resources */ = {isa = PBXBuildFile; fileRef = CE21282E24050CED008C0703 /* Assets.xcassets */; };
		CE21283224050CED008C0703 /* Preview Assets.xcassets in Resources */ = {isa = PBXBuildFile; fileRef = CE21283124050CED008C0703 /* Preview Assets.xcassets */; };
		CE21283524050CED008C0703 /* LaunchScreen.storyboard in Resources */ = {isa = PBXBuildFile; fileRef = CE21283324050CED008C0703 /* LaunchScreen.storyboard */; };
		CE6A347724068FBA007B867D /* image1.png in Resources */ = {isa = PBXBuildFile; fileRef = CE6A347624068FBA007B867D /* image1.png */; };
/* End PBXBuildFile section */

/* Begin PBXFileReference section */
		CE21282524050CEC008C0703 /* PopUps.app */ = {isa = PBXFileReference; explicitFileType = wrapper.application; includeInIndex = 0; path = PopUps.app; sourceTree = BUILT_PRODUCTS_DIR; };
		CE21282824050CEC008C0703 /* AppDelegate.swift */ = {isa = PBXFileReference; lastKnownFileType = sourcecode.swift; path = AppDelegate.swift; sourceTree = "<group>"; };
		CE21282A24050CEC008C0703 /* SceneDelegate.swift */ = {isa = PBXFileReference; lastKnownFileType = sourcecode.swift; path = SceneDelegate.swift; sourceTree = "<group>"; };
		CE21282C24050CEC008C0703 /* ContentView.swift */ = {isa = PBXFileReference; lastKnownFileType = sourcecode.swift; path = ContentView.swift; sourceTree = "<group>"; };
		CE21282E24050CED008C0703 /* Assets.xcassets */ = {isa = PBXFileReference; lastKnownFileType = folder.assetcatalog; path = Assets.xcassets; sourceTree = "<group>"; };
		CE21283124050CED008C0703 /* Preview Assets.xcassets */ = {isa = PBXFileReference; lastKnownFileType = folder.assetcatalog; path = "Preview Assets.xcassets"; sourceTree = "<group>"; };
		CE21283424050CED008C0703 /* Base */ = {isa = PBXFileReference; lastKnownFileType = file.storyboard; name = Base; path = Base.lproj/LaunchScreen.storyboard; sourceTree = "<group>"; };
		CE21283624050CED008C0703 /* Info.plist */ = {isa = PBXFileReference; lastKnownFileType = text.plist.xml; path = Info.plist; sourceTree = "<group>"; };
		CE6A347624068FBA007B867D /* image1.png */ = {isa = PBXFileReference; lastKnownFileType = image.png; path = image1.png; sourceTree = "<group>"; };
/* End PBXFileReference section */

/* Begin PBXFrameworksBuildPhase section */
		CE21282224050CEC008C0703 /* Frameworks */ = {
			isa = PBXFrameworksBuildPhase;
			buildActionMask = 2147483647;
			files = (
			);
			runOnlyForDeploymentPostprocessing = 0;
		};
/* End PBXFrameworksBuildPhase section */

/* Begin PBXGroup section */
		CE21281C24050CEC008C0703 = {
			isa = PBXGroup;
			children = (
				CE6A347524068FA7007B867D /* images */,
				CE21282724050CEC008C0703 /* PopUps */,
				CE21282624050CEC008C0703 /* Products */,
			);
			sourceTree = "<group>";
		};
		CE21282624050CEC008C0703 /* Products */ = {
			isa = PBXGroup;
			children = (
				CE21282524050CEC008C0703 /* PopUps.app */,
			);
			name = Products;
			sourceTree = "<group>";
		};
		CE21282724050CEC008C0703 /* PopUps */ = {
			isa = PBXGroup;
			children = (
				CE21282824050CEC008C0703 /* AppDelegate.swift */,
				CE21282A24050CEC008C0703 /* SceneDelegate.swift */,
				CE21282C24050CEC008C0703 /* ContentView.swift */,
				CE21282E24050CED008C0703 /* Assets.xcassets */,
				CE21283324050CED008C0703 /* LaunchScreen.storyboard */,
				CE21283624050CED008C0703 /* Info.plist */,
				CE21283024050CED008C0703 /* Preview Content */,
			);
			path = PopUps;
			sourceTree = "<group>";
		};
		CE21283024050CED008C0703 /* Preview Content */ = {
			isa = PBXGroup;
			children = (
				CE21283124050CED008C0703 /* Preview Assets.xcassets */,
			);
			path = "Preview Content";
			sourceTree = "<group>";
		};
		CE6A347524068FA7007B867D /* images */ = {
			isa = PBXGroup;
			children = (
				CE6A347624068FBA007B867D /* image1.png */,
			);
			path = images;
			sourceTree = "<group>";
		};
/* End PBXGroup section */

/* Begin PBXNativeTarget section */
		CE21282424050CEC008C0703 /* PopUps */ = {
			isa = PBXNativeTarget;
			buildConfigurationList = CE21283924050CED008C0703 /* Build configuration list for PBXNativeTarget "PopUps" */;
			buildPhases = (
				CE21282124050CEC008C0703 /* Sources */,
				CE21282224050CEC008C0703 /* Frameworks */,
				CE21282324050CEC008C0703 /* Resources */,
			);
			buildRules = (
			);
			dependencies = (
			);
			name = PopUps;
			productName = PopUps;
			productReference = CE21282524050CEC008C0703 /* PopUps.app */;
			productType = "com.apple.product-type.application";
		};
/* End PBXNativeTarget section */

/* Begin PBXProject section */
		CE21281D24050CEC008C0703 /* Project object */ = {
			isa = PBXProject;
			attributes = {
				LastSwiftUpdateCheck = 1130;
				LastUpgradeCheck = 1130;
				ORGANIZATIONNAME = "MacBook Pro";
				TargetAttributes = {
					CE21282424050CEC008C0703 = {
						CreatedOnToolsVersion = 11.3;
					};
				};
			};
			buildConfigurationList = CE21282024050CEC008C0703 /* Build configuration list for PBXProject "PopUps" */;
			compatibilityVersion = "Xcode 9.3";
			developmentRegion = en;
			hasScannedForEncodings = 0;
			knownRegions = (
				en,
				Base,
			);
			mainGroup = CE21281C24050CEC008C0703;
			productRefGroup = CE21282624050CEC008C0703 /* Products */;
			projectDirPath = "";
			projectRoot = "";
			targets = (
				CE21282424050CEC008C0703 /* PopUps */,
			);
		};
/* End PBXProject section */

/* Begin PBXResourcesBuildPhase section */
		CE21282324050CEC008C0703 /* Resources */ = {
			isa = PBXResourcesBuildPhase;
			buildActionMask = 2147483647;
			files = (
				CE21283524050CED008C0703 /* LaunchScreen.storyboard in Resources */,
				CE6A347724068FBA007B867D /* image1.png in Resources */,
				CE21283224050CED008C0703 /* Preview Assets.xcassets in Resources */,
				CE21282F24050CED008C0703 /* Assets.xcassets in Resources */,
			);
			runOnlyForDeploymentPostprocessing = 0;
		};
/* End PBXResourcesBuildPhase section */

/* Begin PBXSourcesBuildPhase section */
		CE21282124050CEC008C0703 /* Sources */ = {
			isa = PBXSourcesBuildPhase;
			buildActionMask = 2147483647;
			files = (
				CE21282924050CEC008C0703 /* AppDelegate.swift in Sources */,
				CE21282B24050CEC008C0703 /* SceneDelegate.swift in Sources */,
				CE21282D24050CEC008C0703 /* ContentView.swift in Sources */,
			);
			runOnlyForDeploymentPostprocessing = 0;
		};
/* End PBXSourcesBuildPhase section */

/* Begin PBXVariantGroup section */
		CE21283324050CED008C0703 /* LaunchScreen.storyboard */ = {
			isa = PBXVariantGroup;
			children = (
				CE21283424050CED008C0703 /* Base */,
			);
			name = LaunchScreen.storyboard;
			sourceTree = "<group>";
		};
/* End PBXVariantGroup section */

/* Begin XCBuildConfiguration section */
		CE21283724050CED008C0703 /* Debug */ = {
			isa = XCBuildConfiguration;
			buildSettings = {
				ALWAYS_SEARCH_USER_PATHS = NO;
				CLANG_ANALYZER_NONNULL = YES;
				CLANG_ANALYZER_NUMBER_OBJECT_CONVERSION = YES_AGGRESSIVE;
				CLANG_CXX_LANGUAGE_STANDARD = "gnu++14";
				CLANG_CXX_LIBRARY = "libc++";
				CLANG_ENABLE_MODULES = YES;
				CLANG_ENABLE_OBJC_ARC = YES;
				CLANG_ENABLE_OBJC_WEAK = YES;
				CLANG_WARN_BLOCK_CAPTURE_AUTORELEASING = YES;
				CLANG_WARN_BOOL_CONVERSION = YES;
				CLANG_WARN_COMMA = YES;
				CLANG_WARN_CONSTANT_CONVERSION = YES;
				CLANG_WARN_DEPRECATED_OBJC_IMPLEMENTATIONS = YES;
				CLANG_WARN_DIRECT_OBJC_ISA_USAGE = YES_ERROR;
				CLANG_WARN_DOCUMENTATION_COMMENTS = YES;
				CLANG_WARN_EMPTY_BODY = YES;
				CLANG_WARN_ENUM_CONVERSION = YES;
				CLANG_WARN_INFINITE_RECURSION = YES;
				CLANG_WARN_INT_CONVERSION = YES;
				CLANG_WARN_NON_LITERAL_NULL_CONVERSION = YES;
				CLANG_WARN_OBJC_IMPLICIT_RETAIN_SELF = YES;
				CLANG_WARN_OBJC_LITERAL_CONVERSION = YES;
				CLANG_WARN_OBJC_ROOT_CLASS = YES_ERROR;
				CLANG_WARN_RANGE_LOOP_ANALYSIS = YES;
				CLANG_WARN_STRICT_PROTOTYPES = YES;
				CLANG_WARN_SUSPICIOUS_MOVE = YES;
				CLANG_WARN_UNGUARDED_AVAILABILITY = YES_AGGRESSIVE;
				CLANG_WARN_UNREACHABLE_CODE = YES;
				CLANG_WARN__DUPLICATE_METHOD_MATCH = YES;
				COPY_PHASE_STRIP = NO;
				DEBUG_INFORMATION_FORMAT = dwarf;
				ENABLE_STRICT_OBJC_MSGSEND = YES;
				ENABLE_TESTABILITY = YES;
				GCC_C_LANGUAGE_STANDARD = gnu11;
				GCC_DYNAMIC_NO_PIC = NO;
				GCC_NO_COMMON_BLOCKS = YES;
				GCC_OPTIMIZATION_LEVEL = 0;
				GCC_PREPROCESSOR_DEFINITIONS = (
					"DEBUG=1",
					"$(inherited)",
				);
				GCC_WARN_64_TO_32_BIT_CONVERSION = YES;
				GCC_WARN_ABOUT_RETURN_TYPE = YES_ERROR;
				GCC_WARN_UNDECLARED_SELECTOR = YES;
				GCC_WARN_UNINITIALIZED_AUTOS = YES_AGGRESSIVE;
				GCC_WARN_UNUSED_FUNCTION = YES;
				GCC_WARN_UNUSED_VARIABLE = YES;
				IPHONEOS_DEPLOYMENT_TARGET = 13.2;
				MTL_ENABLE_DEBUG_INFO = INCLUDE_SOURCE;
				MTL_FAST_MATH = YES;
				ONLY_ACTIVE_ARCH = YES;
				SDKROOT = iphoneos;
				SWIFT_ACTIVE_COMPILATION_CONDITIONS = DEBUG;
				SWIFT_OPTIMIZATION_LEVEL = "-Onone";
			};
			name = Debug;
		};
		CE21283824050CED008C0703 /* Release */ = {
			isa = XCBuildConfiguration;
			buildSettings = {
				ALWAYS_SEARCH_USER_PATHS = NO;
				CLANG_ANALYZER_NONNULL = YES;
				CLANG_ANALYZER_NUMBER_OBJECT_CONVERSION = YES_AGGRESSIVE;
				CLANG_CXX_LANGUAGE_STANDARD = "gnu++14";
				CLANG_CXX_LIBRARY = "libc++";
				CLANG_ENABLE_MODULES = YES;
				CLANG_ENABLE_OBJC_ARC = YES;
				CLANG_ENABLE_OBJC_WEAK = YES;
				CLANG_WARN_BLOCK_CAPTURE_AUTORELEASING = YES;
				CLANG_WARN_BOOL_CONVERSION = YES;
				CLANG_WARN_COMMA = YES;
				CLANG_WARN_CONSTANT_CONVERSION = YES;
				CLANG_WARN_DEPRECATED_OBJC_IMPLEMENTATIONS = YES;
				CLANG_WARN_DIRECT_OBJC_ISA_USAGE = YES_ERROR;
				CLANG_WARN_DOCUMENTATION_COMMENTS = YES;
				CLANG_WARN_EMPTY_BODY = YES;
				CLANG_WARN_ENUM_CONVERSION = YES;
				CLANG_WARN_INFINITE_RECURSION = YES;
				CLANG_WARN_INT_CONVERSION = YES;
				CLANG_WARN_NON_LITERAL_NULL_CONVERSION = YES;
				CLANG_WARN_OBJC_IMPLICIT_RETAIN_SELF = YES;
				CLANG_WARN_OBJC_LITERAL_CONVERSION = YES;
				CLANG_WARN_OBJC_ROOT_CLASS = YES_ERROR;
				CLANG_WARN_RANGE_LOOP_ANALYSIS = YES;
				CLANG_WARN_STRICT_PROTOTYPES = YES;
				CLANG_WARN_SUSPICIOUS_MOVE = YES;
				CLANG_WARN_UNGUARDED_AVAILABILITY = YES_AGGRESSIVE;
				CLANG_WARN_UNREACHABLE_CODE = YES;
				CLANG_WARN__DUPLICATE_METHOD_MATCH = YES;
				COPY_PHASE_STRIP = NO;
				DEBUG_INFORMATION_FORMAT = "dwarf-with-dsym";
				ENABLE_NS_ASSERTIONS = NO;
				ENABLE_STRICT_OBJC_MSGSEND = YES;
				GCC_C_LANGUAGE_STANDARD = gnu11;
				GCC_NO_COMMON_BLOCKS = YES;
				GCC_WARN_64_TO_32_BIT_CONVERSION = YES;
				GCC_WARN_ABOUT_RETURN_TYPE = YES_ERROR;
				GCC_WARN_UNDECLARED_SELECTOR = YES;
				GCC_WARN_UNINITIALIZED_AUTOS = YES_AGGRESSIVE;
				GCC_WARN_UNUSED_FUNCTION = YES;
				GCC_WARN_UNUSED_VARIABLE = YES;
				IPHONEOS_DEPLOYMENT_TARGET = 13.2;
				MTL_ENABLE_DEBUG_INFO = NO;
				MTL_FAST_MATH = YES;
				SDKROOT = iphoneos;
				SWIFT_COMPILATION_MODE = wholemodule;
				SWIFT_OPTIMIZATION_LEVEL = "-O";
				VALIDATE_PRODUCT = YES;
			};
			name = Release;
		};
		CE21283A24050CED008C0703 /* Debug */ = {
			isa = XCBuildConfiguration;
			buildSettings = {
				ASSETCATALOG_COMPILER_APPICON_NAME = AppIcon;
				CODE_SIGN_STYLE = Automatic;
				DEVELOPMENT_ASSET_PATHS = "\"PopUps/Preview Content\"";
				ENABLE_PREVIEWS = YES;
				INFOPLIST_FILE = PopUps/Info.plist;
				LD_RUNPATH_SEARCH_PATHS = (
					"$(inherited)",
					"@executable_path/Frameworks",
				);
				PRODUCT_BUNDLE_IDENTIFIER = bs.poc.PopUps;
				PRODUCT_NAME = "$(TARGET_NAME)";
				SWIFT_VERSION = 5.0;
				TARGETED_DEVICE_FAMILY = "1,2";
			};
			name = Debug;
		};
		CE21283B24050CED008C0703 /* Release */ = {
			isa = XCBuildConfiguration;
			buildSettings = {
				ASSETCATALOG_COMPILER_APPICON_NAME = AppIcon;
				CODE_SIGN_STYLE = Automatic;
				DEVELOPMENT_ASSET_PATHS = "\"PopUps/Preview Content\"";
				ENABLE_PREVIEWS = YES;
				INFOPLIST_FILE = PopUps/Info.plist;
				LD_RUNPATH_SEARCH_PATHS = (
					"$(inherited)",
					"@executable_path/Frameworks",
				);
				PRODUCT_BUNDLE_IDENTIFIER = bs.poc.PopUps;
				PRODUCT_NAME = "$(TARGET_NAME)";
				SWIFT_VERSION = 5.0;
				TARGETED_DEVICE_FAMILY = "1,2";
			};
			name = Release;
		};
/* End XCBuildConfiguration section */

/* Begin XCConfigurationList section */
		CE21282024050CEC008C0703 /* Build configuration list for PBXProject "PopUps" */ = {
			isa = XCConfigurationList;
			buildConfigurations = (
				CE21283724050CED008C0703 /* Debug */,
				CE21283824050CED008C0703 /* Release */,
			);
			defaultConfigurationIsVisible = 0;
			defaultConfigurationName = Release;
		};
		CE21283924050CED008C0703 /* Build configuration list for PBXNativeTarget "PopUps" */ = {
			isa = XCConfigurationList;
			buildConfigurations = (
				CE21283A24050CED008C0703 /* Debug */,
				CE21283B24050CED008C0703 /* Release */,
			);
			defaultConfigurationIsVisible = 0;
			defaultConfigurationName = Release;
		};
/* End XCConfigurationList section */
	};
	rootObject = CE21281D24050CEC008C0703 /* Project object */;
}
